# THIS IS AN AUTOGENERATED FILE. DO NOT EDIT THIS FILE DIRECTLY.
# yarn lockfile v1


"@types/node@^14.0.18":
  version "14.0.20"
  resolved "https://registry.yarnpkg.com/@types/node/-/node-14.0.20.tgz#0da05cddbc761e1fa98af88a17244c8c1ff37231"
  integrity sha512-MRn/NP3dee8yL5QhbSA6riuwkS+UOcsPUMOIOG3KMUQpuor/2TopdRBu8QaaB4fGU+gz/bzyDWt0FtUbeJ8H1A==

"@types/prop-types@*":
  version "15.7.3"
  resolved "https://registry.yarnpkg.com/@types/prop-types/-/prop-types-15.7.3.tgz#2ab0d5da2e5815f94b0b9d4b95d1e5f243ab2ca7"
  integrity sha512-KfRL3PuHmqQLOG+2tGpRO26Ctg+Cq1E01D2DMriKEATHgWLfeNDmq9e29Q9WIky0dQ3NPkd1mzYH8Lm936Z9qw==

"@types/react@^16.9.41":
  version "16.9.41"
  resolved "https://registry.yarnpkg.com/@types/react/-/react-16.9.41.tgz#925137ee4d2ff406a0ecf29e8e9237390844002e"
  integrity sha512-6cFei7F7L4wwuM+IND/Q2cV1koQUvJ8iSV+Gwn0c3kvABZ691g7sp3hfEQHOUBJtccl1gPi+EyNjMIl9nGA0ug==
  dependencies:
    "@types/prop-types" "*"
    csstype "^2.2.0"

"@types/tough-cookie@^4.0.0":
  version "4.0.0"
  resolved "https://registry.yarnpkg.com/@types/tough-cookie/-/tough-cookie-4.0.0.tgz#fef1904e4668b6e5ecee60c52cc6a078ffa6697d"
  integrity sha512-I99sngh224D0M7XgW1s120zxCt3VYQ3IQsuw3P3jbq5GG4yc79+ZjyKznyOGIQrflfylLgcfekeZW/vk0yng6A==

csstype@^2.2.0:
  version "2.6.11"
  resolved "https://registry.yarnpkg.com/csstype/-/csstype-2.6.11.tgz#452f4d024149ecf260a852b025e36562a253ffc5"
  integrity sha512-l8YyEC9NBkSm783PFTvh0FmJy7s5pFKrDp49ZL7zBGX3fWkO+N4EEyan1qqp8cwPLDcD0OSdyY6hAMoxp34JFw==
